<?xml version="1.0" encoding="utf-8"?>
<Project ToolsVersion="4.0" xmlns="http://schemas.microsoft.com/developer/msbuild/2003">
  <ItemGroup>
    <Filter Include="Исходные файлы">
      <UniqueIdentifier>{4FC737F1-C7A5-4376-A066-2A32D752A2FF}</UniqueIdentifier>
      <Extensions>cpp;c;cc;cxx;c++;def;odl;idl;hpj;bat;asm;asmx</Extensions>
    </Filter>
    <Filter Include="Файлы заголовков">
      <UniqueIdentifier>{93995380-89BD-4b04-88EB-625FBE52EBFB}</UniqueIdentifier>
      <Extensions>h;hh;hpp;hxx;h++;hm;inl;inc;ipp;xsd</Extensions>
    </Filter>
    <Filter Include="Файлы ресурсов">
      <UniqueIdentifier>{67DA6AB6-F800-4c08-8B7A-83BB121AAD01}</UniqueIdentifier>
      <Extensions>rc;ico;cur;bmp;dlg;rc2;rct;bin;rgs;gif;jpg;jpeg;jpe;resx;tiff;tif;png;wav;mfcribbon-ms</Extensions>
    </Filter>
    <Filter Include="Исходные файлы\Headers">
      <UniqueIdentifier>{229cd0a4-d273-4d10-94b2-a941856c64c8}</UniqueIdentifier>
    </Filter>
    <Filter Include="Исходные файлы\Source">
      <UniqueIdentifier>{0bc5ae08-8feb-496b-8fbf-8f0257fb40f8}</UniqueIdentifier>
    </Filter>
    <Filter Include="Исходные файлы\Headers\Chessmen">
      <UniqueIdentifier>{38b69bc0-5f84-4efb-a6d8-8aa6c9d97cb5}</UniqueIdentifier>
    </Filter>
    <Filter Include="Исходные файлы\Source\Chessmen">
      <UniqueIdentifier>{d5a8f031-198f-4ca6-93f3-2e9b3f5540d3}</UniqueIdentifier>
    </Filter>
  </ItemGroup>
  <ItemGroup>
    <ClCompile Include="ChessApplication.cpp">
      <Filter>Исходные файлы</Filter>
    </ClCompile>
    <ClCompile Include="GameManager.cpp">
      <Filter>Исходные файлы\Source</Filter>
    </ClCompile>
    <ClCompile Include="Player.cpp">
      <Filter>Исходные файлы\Source</Filter>
    </ClCompile>
    <ClCompile Include="ChessCoordinate.cpp">
      <Filter>Исходные файлы\Source</Filter>
    </ClCompile>
    <ClCompile Include="Chessman.cpp">
      <Filter>Исходные файлы\Source\Chessmen</Filter>
    </ClCompile>
    <ClCompile Include="Pawn.cpp">
      <Filter>Исходные файлы\Source\Chessmen</Filter>
    </ClCompile>
    <ClCompile Include="Rook.cpp">
      <Filter>Исходные файлы\Source\Chessmen</Filter>
    </ClCompile>
    <ClCompile Include="Knight.cpp">
      <Filter>Исходные файлы\Source\Chessmen</Filter>
    </ClCompile>
    <ClCompile Include="Bishop.cpp">
      <Filter>Исходные файлы\Source\Chessmen</Filter>
    </ClCompile>
    <ClCompile Include="Queen.cpp">
      <Filter>Исходные файлы\Source\Chessmen</Filter>
    </ClCompile>
    <ClCompile Include="King.cpp">
      <Filter>Исходные файлы\Source\Chessmen</Filter>
    </ClCompile>
    <ClCompile Include="Console.cpp">
      <Filter>Исходные файлы\Source</Filter>
    </ClCompile>
  </ItemGroup>
  <ItemGroup>
    <ClInclude Include="GameManager.h">
      <Filter>Исходные файлы\Headers</Filter>
    </ClInclude>
    <ClInclude Include="Player.h">
      <Filter>Исходные файлы\Headers</Filter>
    </ClInclude>
    <ClInclude Include="ChessCoordinate.h">
      <Filter>Исходные файлы\Headers</Filter>
    </ClInclude>
    <ClInclude Include="Chessman.h">
      <Filter>Исходные файлы\Headers\Chessmen</Filter>
    </ClInclude>
    <ClInclude Include="Pawn.h">
      <Filter>Исходные файлы\Headers\Chessmen</Filter>
    </ClInclude>
    <ClInclude Include="Rook.h">
      <Filter>Исходные файлы\Headers\Chessmen</Filter>
    </ClInclude>
    <ClInclude Include="Knight.h">
      <Filter>Исходные файлы\Headers\Chessmen</Filter>
    </ClInclude>
    <ClInclude Include="Bishop.h">
      <Filter>Исходные файлы\Headers\Chessmen</Filter>
    </ClInclude>
    <ClInclude Include="Queen.h">
      <Filter>Исходные файлы\Headers\Chessmen</Filter>
    </ClInclude>
    <ClInclude Include="King.h">
      <Filter>Исходные файлы\Headers\Chessmen</Filter>
    </ClInclude>
    <ClInclude Include="Console.h">
      <Filter>Исходные файлы\Headers</Filter>
    </ClInclude>
  </ItemGroup>
</Project>